// !$*UTF8*$!
{
	archiveVersion = 1;
	classes = {
	};
	objectVersion = 56;
	objects = {

/* Begin PBXBuildFile section */
		5C5D890A2B94517D00DC5932 /* Emily_sMemoriesApp.swift in Sources */ = {isa = PBXBuildFile; fileRef = 5C5D89092B94517D00DC5932 /* Emily_sMemoriesApp.swift */; };
		5C5D890C2B94517D00DC5932 /* ContentView.swift in Sources */ = {isa = PBXBuildFile; fileRef = 5C5D890B2B94517D00DC5932 /* ContentView.swift */; };
		5C5D890E2B94517F00DC5932 /* Assets.xcassets in Resources */ = {isa = PBXBuildFile; fileRef = 5C5D890D2B94517F00DC5932 /* Assets.xcassets */; };
		5C5D89112B94517F00DC5932 /* Preview Assets.xcassets in Resources */ = {isa = PBXBuildFile; fileRef = 5C5D89102B94517F00DC5932 /* Preview Assets.xcassets */; };
		5C5D891B2B94517F00DC5932 /* Emily_sMemoriesTests.swift in Sources */ = {isa = PBXBuildFile; fileRef = 5C5D891A2B94517F00DC5932 /* Emily_sMemoriesTests.swift */; };
		5C5D89252B94517F00DC5932 /* Emily_sMemoriesUITests.swift in Sources */ = {isa = PBXBuildFile; fileRef = 5C5D89242B94517F00DC5932 /* Emily_sMemoriesUITests.swift */; };
		5C5D89272B94517F00DC5932 /* Emily_sMemoriesUITestsLaunchTests.swift in Sources */ = {isa = PBXBuildFile; fileRef = 5C5D89262B94517F00DC5932 /* Emily_sMemoriesUITestsLaunchTests.swift */; };
		5C5D89342B945A1E00DC5932 /* SwiftUIView.swift in Sources */ = {isa = PBXBuildFile; fileRef = 5C5D89332B945A1E00DC5932 /* SwiftUIView.swift */; };
/* End PBXBuildFile section */

/* Begin PBXContainerItemProxy section */
		5C5D89172B94517F00DC5932 /* PBXContainerItemProxy */ = {
			isa = PBXContainerItemProxy;
			containerPortal = 5C5D88FE2B94517D00DC5932 /* Project object */;
			proxyType = 1;
			remoteGlobalIDString = 5C5D89052B94517D00DC5932;
			remoteInfo = "Emily'sMemories";
		};
		5C5D89212B94517F00DC5932 /* PBXContainerItemProxy */ = {
			isa = PBXContainerItemProxy;
			containerPortal = 5C5D88FE2B94517D00DC5932 /* Project object */;
			proxyType = 1;
			remoteGlobalIDString = 5C5D89052B94517D00DC5932;
			remoteInfo = "Emily'sMemories";
		};
/* End PBXContainerItemProxy section */

/* Begin PBXFileReference section */
		5C5D89062B94517D00DC5932 /* Emily'sMemories.app */ = {isa = PBXFileReference; explicitFileType = wrapper.application; includeInIndex = 0; path = "Emily'sMemories.app"; sourceTree = BUILT_PRODUCTS_DIR; };
		5C5D89092B94517D00DC5932 /* Emily_sMemoriesApp.swift */ = {isa = PBXFileReference; lastKnownFileType = sourcecode.swift; path = Emily_sMemoriesApp.swift; sourceTree = "<group>"; };
		5C5D890B2B94517D00DC5932 /* ContentView.swift */ = {isa = PBXFileReference; lastKnownFileType = sourcecode.swift; path = ContentView.swift; sourceTree = "<group>"; };
		5C5D890D2B94517F00DC5932 /* Assets.xcassets */ = {isa = PBXFileReference; lastKnownFileType = folder.assetcatalog; path = Assets.xcassets; sourceTree = "<group>"; };
		5C5D89102B94517F00DC5932 /* Preview Assets.xcassets */ = {isa = PBXFileReference; lastKnownFileType = folder.assetcatalog; path = "Preview Assets.xcassets"; sourceTree = "<group>"; };
		5C5D89162B94517F00DC5932 /* Emily'sMemoriesTests.xctest */ = {isa = PBXFileReference; explicitFileType = wrapper.cfbundle; includeInIndex = 0; path = "Emily'sMemoriesTests.xctest"; sourceTree = BUILT_PRODUCTS_DIR; };
		5C5D891A2B94517F00DC5932 /* Emily_sMemoriesTests.swift */ = {isa = PBXFileReference; lastKnownFileType = sourcecode.swift; path = Emily_sMemoriesTests.swift; sourceTree = "<group>"; };
		5C5D89202B94517F00DC5932 /* Emily'sMemoriesUITests.xctest */ = {isa = PBXFileReference; explicitFileType = wrapper.cfbundle; includeInIndex = 0; path = "Emily'sMemoriesUITests.xctest"; sourceTree = BUILT_PRODUCTS_DIR; };
		5C5D89242B94517F00DC5932 /* Emily_sMemoriesUITests.swift */ = {isa = PBXFileReference; lastKnownFileType = sourcecode.swift; path = Emily_sMemoriesUITests.swift; sourceTree = "<group>"; };
		5C5D89262B94517F00DC5932 /* Emily_sMemoriesUITestsLaunchTests.swift */ = {isa = PBXFileReference; lastKnownFileType = sourcecode.swift; path = Emily_sMemoriesUITestsLaunchTests.swift; sourceTree = "<group>"; };
		5C5D89332B945A1E00DC5932 /* SwiftUIView.swift */ = {isa = PBXFileReference; lastKnownFileType = sourcecode.swift; path = SwiftUIView.swift; sourceTree = "<group>"; };
/* End PBXFileReference section */

/* Begin PBXFrameworksBuildPhase section */
		5C5D89032B94517D00DC5932 /* Frameworks */ = {
			isa = PBXFrameworksBuildPhase;
			buildActionMask = 2147483647;
			files = (
			);
			runOnlyForDeploymentPostprocessing = 0;
		};
		5C5D89132B94517F00DC5932 /* Frameworks */ = {
			isa = PBXFrameworksBuildPhase;
			buildActionMask = 2147483647;
			files = (
			);
			runOnlyForDeploymentPostprocessing = 0;
		};
		5C5D891D2B94517F00DC5932 /* Frameworks */ = {
			isa = PBXFrameworksBuildPhase;
			buildActionMask = 2147483647;
			files = (
			);
			runOnlyForDeploymentPostprocessing = 0;
		};
/* End PBXFrameworksBuildPhase section */

/* Begin PBXGroup section */
		5C5D88FD2B94517D00DC5932 = {
			isa = PBXGroup;
			children = (
				5C5D89082B94517D00DC5932 /* Emily'sMemories */,
				5C5D89192B94517F00DC5932 /* Emily'sMemoriesTests */,
				5C5D89232B94517F00DC5932 /* Emily'sMemoriesUITests */,
				5C5D89072B94517D00DC5932 /* Products */,
			);
			sourceTree = "<group>";
		};
		5C5D89072B94517D00DC5932 /* Products */ = {
			isa = PBXGroup;
			children = (
				5C5D89062B94517D00DC5932 /* Emily'sMemories.app */,
				5C5D89162B94517F00DC5932 /* Emily'sMemoriesTests.xctest */,
				5C5D89202B94517F00DC5932 /* Emily'sMemoriesUITests.xctest */,
			);
			name = Products;
			sourceTree = "<group>";
		};
		5C5D89082B94517D00DC5932 /* Emily'sMemories */ = {
			isa = PBXGroup;
			children = (
				5C5D89092B94517D00DC5932 /* Emily_sMemoriesApp.swift */,
				5C5D890B2B94517D00DC5932 /* ContentView.swift */,
				5C5D89332B945A1E00DC5932 /* SwiftUIView.swift */,
				5C5D890D2B94517F00DC5932 /* Assets.xcassets */,
				5C5D890F2B94517F00DC5932 /* Preview Content */,
			);
			path = "Emily'sMemories";
			sourceTree = "<group>";
		};
		5C5D890F2B94517F00DC5932 /* Preview Content */ = {
			isa = PBXGroup;
			children = (
				5C5D89102B94517F00DC5932 /* Preview Assets.xcassets */,
			);
			path = "Preview Content";
			sourceTree = "<group>";
		};
		5C5D89192B94517F00DC5932 /* Emily'sMemoriesTests */ = {
			isa = PBXGroup;
			children = (
				5C5D891A2B94517F00DC5932 /* Emily_sMemoriesTests.swift */,
			);
			path = "Emily'sMemoriesTests";
			sourceTree = "<group>";
		};
		5C5D89232B94517F00DC5932 /* Emily'sMemoriesUITests */ = {
			isa = PBXGroup;
			children = (
				5C5D89242B94517F00DC5932 /* Emily_sMemoriesUITests.swift */,
				5C5D89262B94517F00DC5932 /* Emily_sMemoriesUITestsLaunchTests.swift */,
			);
			path = "Emily'sMemoriesUITests";
			sourceTree = "<group>";
		};
/* End PBXGroup section */

/* Begin PBXNativeTarget section */
		5C5D89052B94517D00DC5932 /* Emily'sMemories */ = {
			isa = PBXNativeTarget;
			buildConfigurationList = 5C5D892A2B94517F00DC5932 /* Build configuration list for PBXNativeTarget "Emily'sMemories" */;
			buildPhases = (
				5C5D89022B94517D00DC5932 /* Sources */,
				5C5D89032B94517D00DC5932 /* Frameworks */,
				5C5D89042B94517D00DC5932 /* Resources */,
			);
			buildRules = (
			);
			dependencies = (
			);
			name = "Emily'sMemories";
			productName = "Emily'sMemories";
			productReference = 5C5D89062B94517D00DC5932 /* Emily'sMemories.app */;
			productType = "com.apple.product-type.application";
		};
		5C5D89152B94517F00DC5932 /* Emily'sMemoriesTests */ = {
			isa = PBXNativeTarget;
			buildConfigurationList = 5C5D892D2B94517F00DC5932 /* Build configuration list for PBXNativeTarget "Emily'sMemoriesTests" */;
			buildPhases = (
				5C5D89122B94517F00DC5932 /* Sources */,
				5C5D89132B94517F00DC5932 /* Frameworks */,
				5C5D89142B94517F00DC5932 /* Resources */,
			);
			buildRules = (
			);
			dependencies = (
				5C5D89182B94517F00DC5932 /* PBXTargetDependency */,
			);
			name = "Emily'sMemoriesTests";
			productName = "Emily'sMemoriesTests";
			productReference = 5C5D89162B94517F00DC5932 /* Emily'sMemoriesTests.xctest */;
			productType = "com.apple.product-type.bundle.unit-test";
		};
		5C5D891F2B94517F00DC5932 /* Emily'sMemoriesUITests */ = {
			isa = PBXNativeTarget;
			buildConfigurationList = 5C5D89302B94517F00DC5932 /* Build configuration list for PBXNativeTarget "Emily'sMemoriesUITests" */;
			buildPhases = (
				5C5D891C2B94517F00DC5932 /* Sources */,
				5C5D891D2B94517F00DC5932 /* Frameworks */,
				5C5D891E2B94517F00DC5932 /* Resources */,
			);
			buildRules = (
			);
			dependencies = (
				5C5D89222B94517F00DC5932 /* PBXTargetDependency */,
			);
			name = "Emily'sMemoriesUITests";
			productName = "Emily'sMemoriesUITests";
			productReference = 5C5D89202B94517F00DC5932 /* Emily'sMemoriesUITests.xctest */;
			productType = "com.apple.product-type.bundle.ui-testing";
		};
/* End PBXNativeTarget section */

/* Begin PBXProject section */
		5C5D88FE2B94517D00DC5932 /* Project object */ = {
			isa = PBXProject;
			attributes = {
				BuildIndependentTargetsInParallel = 1;
				LastSwiftUpdateCheck = 1520;
				LastUpgradeCheck = 1520;
				TargetAttributes = {
					5C5D89052B94517D00DC5932 = {
						CreatedOnToolsVersion = 15.2;
					};
					5C5D89152B94517F00DC5932 = {
						CreatedOnToolsVersion = 15.2;
						TestTargetID = 5C5D89052B94517D00DC5932;
					};
					5C5D891F2B94517F00DC5932 = {
						CreatedOnToolsVersion = 15.2;
						TestTargetID = 5C5D89052B94517D00DC5932;
					};
				};
			};
			buildConfigurationList = 5C5D89012B94517D00DC5932 /* Build configuration list for PBXProject "Emily'sMemories" */;
			compatibilityVersion = "Xcode 14.0";
			developmentRegion = en;
			hasScannedForEncodings = 0;
			knownRegions = (
				en,
				Base,
			);
			mainGroup = 5C5D88FD2B94517D00DC5932;
			productRefGroup = 5C5D89072B94517D00DC5932 /* Products */;
			projectDirPath = "";
			projectRoot = "";
			targets = (
				5C5D89052B94517D00DC5932 /* Emily'sMemories */,
				5C5D89152B94517F00DC5932 /* Emily'sMemoriesTests */,
				5C5D891F2B94517F00DC5932 /* Emily'sMemoriesUITests */,
			);
		};
/* End PBXProject section */

/* Begin PBXResourcesBuildPhase section */
		5C5D89042B94517D00DC5932 /* Resources */ = {
			isa = PBXResourcesBuildPhase;
			buildActionMask = 2147483647;
			files = (
				5C5D89112B94517F00DC5932 /* Preview Assets.xcassets in Resources */,
				5C5D890E2B94517F00DC5932 /* Assets.xcassets in Resources */,
			);
			runOnlyForDeploymentPostprocessing = 0;
		};
		5C5D89142B94517F00DC5932 /* Resources */ = {
			isa = PBXResourcesBuildPhase;
			buildActionMask = 2147483647;
			files = (
			);
			runOnlyForDeploymentPostprocessing = 0;
		};
		5C5D891E2B94517F00DC5932 /* Resources */ = {
			isa = PBXResourcesBuildPhase;
			buildActionMask = 2147483647;
			files = (
			);
			runOnlyForDeploymentPostprocessing = 0;
		};
/* End PBXResourcesBuildPhase section */

/* Begin PBXSourcesBuildPhase section */
		5C5D89022B94517D00DC5932 /* Sources */ = {
			isa = PBXSourcesBuildPhase;
			buildActionMask = 2147483647;
			files = (
				5C5D890C2B94517D00DC5932 /* ContentView.swift in Sources */,
				5C5D890A2B94517D00DC5932 /* Emily_sMemoriesApp.swift in Sources */,
				5C5D89342B945A1E00DC5932 /* SwiftUIView.swift in Sources */,
			);
			runOnlyForDeploymentPostprocessing = 0;
		};
		5C5D89122B94517F00DC5932 /* Sources */ = {
			isa = PBXSourcesBuildPhase;
			buildActionMask = 2147483647;
			files = (
				5C5D891B2B94517F00DC5932 /* Emily_sMemoriesTests.swift in Sources */,
			);
			runOnlyForDeploymentPostprocessing = 0;
		};
		5C5D891C2B94517F00DC5932 /* Sources */ = {
			isa = PBXSourcesBuildPhase;
			buildActionMask = 2147483647;
			files = (
				5C5D89272B94517F00DC5932 /* Emily_sMemoriesUITestsLaunchTests.swift in Sources */,
				5C5D89252B94517F00DC5932 /* Emily_sMemoriesUITests.swift in Sources */,
			);
			runOnlyForDeploymentPostprocessing = 0;
		};
/* End PBXSourcesBuildPhase section */

/* Begin PBXTargetDependency section */
		5C5D89182B94517F00DC5932 /* PBXTargetDependency */ = {
			isa = PBXTargetDependency;
			target = 5C5D89052B94517D00DC5932 /* Emily'sMemories */;
			targetProxy = 5C5D89172B94517F00DC5932 /* PBXContainerItemProxy */;
		};
		5C5D89222B94517F00DC5932 /* PBXTargetDependency */ = {
			isa = PBXTargetDependency;
			target = 5C5D89052B94517D00DC5932 /* Emily'sMemories */;
			targetProxy = 5C5D89212B94517F00DC5932 /* PBXContainerItemProxy */;
		};
/* End PBXTargetDependency section */

/* Begin XCBuildConfiguration section */
		5C5D89282B94517F00DC5932 /* Debug */ = {
			isa = XCBuildConfiguration;
			buildSettings = {
				ALWAYS_SEARCH_USER_PATHS = NO;
				ASSETCATALOG_COMPILER_GENERATE_SWIFT_ASSET_SYMBOL_EXTENSIONS = YES;
				CLANG_ANALYZER_NONNULL = YES;
				CLANG_ANALYZER_NUMBER_OBJECT_CONVERSION = YES_AGGRESSIVE;
				CLANG_CXX_LANGUAGE_STANDARD = "gnu++20";
				CLANG_ENABLE_MODULES = YES;
				CLANG_ENABLE_OBJC_ARC = YES;
				CLANG_ENABLE_OBJC_WEAK = YES;
				CLANG_WARN_BLOCK_CAPTURE_AUTORELEASING = YES;
				CLANG_WARN_BOOL_CONVERSION = YES;
				CLANG_WARN_COMMA = YES;
				CLANG_WARN_CONSTANT_CONVERSION = YES;
				CLANG_WARN_DEPRECATED_OBJC_IMPLEMENTATIONS = YES;
				CLANG_WARN_DIRECT_OBJC_ISA_USAGE = YES_ERROR;
				CLANG_WARN_DOCUMENTATION_COMMENTS = YES;
				CLANG_WARN_EMPTY_BODY = YES;
				CLANG_WARN_ENUM_CONVERSION = YES;
				CLANG_WARN_INFINITE_RECURSION = YES;
				CLANG_WARN_INT_CONVERSION = YES;
				CLANG_WARN_NON_LITERAL_NULL_CONVERSION = YES;
				CLANG_WARN_OBJC_IMPLICIT_RETAIN_SELF = YES;
				CLANG_WARN_OBJC_LITERAL_CONVERSION = YES;
				CLANG_WARN_OBJC_ROOT_CLASS = YES_ERROR;
				CLANG_WARN_QUOTED_INCLUDE_IN_FRAMEWORK_HEADER = YES;
				CLANG_WARN_RANGE_LOOP_ANALYSIS = YES;
				CLANG_WARN_STRICT_PROTOTYPES = YES;
				CLANG_WARN_SUSPICIOUS_MOVE = YES;
				CLANG_WARN_UNGUARDED_AVAILABILITY = YES_AGGRESSIVE;
				CLANG_WARN_UNREACHABLE_CODE = YES;
				CLANG_WARN__DUPLICATE_METHOD_MATCH = YES;
				COPY_PHASE_STRIP = NO;
				DEBUG_INFORMATION_FORMAT = dwarf;
				ENABLE_STRICT_OBJC_MSGSEND = YES;
				ENABLE_TESTABILITY = YES;
				ENABLE_USER_SCRIPT_SANDBOXING = YES;
				GCC_C_LANGUAGE_STANDARD = gnu17;
				GCC_DYNAMIC_NO_PIC = NO;
				GCC_NO_COMMON_BLOCKS = YES;
				GCC_OPTIMIZATION_LEVEL = 0;
				GCC_PREPROCESSOR_DEFINITIONS = (
					"DEBUG=1",
					"$(inherited)",
				);
				GCC_WARN_64_TO_32_BIT_CONVERSION = YES;
				GCC_WARN_ABOUT_RETURN_TYPE = YES_ERROR;
				GCC_WARN_UNDECLARED_SELECTOR = YES;
				GCC_WARN_UNINITIALIZED_AUTOS = YES_AGGRESSIVE;
				GCC_WARN_UNUSED_FUNCTION = YES;
				GCC_WARN_UNUSED_VARIABLE = YES;
				IPHONEOS_DEPLOYMENT_TARGET = 17.2;
				LOCALIZATION_PREFERS_STRING_CATALOGS = YES;
				MTL_ENABLE_DEBUG_INFO = INCLUDE_SOURCE;
				MTL_FAST_MATH = YES;
				ONLY_ACTIVE_ARCH = YES;
				SDKROOT = iphoneos;
				SWIFT_ACTIVE_COMPILATION_CONDITIONS = "DEBUG $(inherited)";
				SWIFT_OPTIMIZATION_LEVEL = "-Onone";
			};
			name = Debug;
		};
		5C5D89292B94517F00DC5932 /* Release */ = {
			isa = XCBuildConfiguration;
			buildSettings = {
				ALWAYS_SEARCH_USER_PATHS = NO;
				ASSETCATALOG_COMPILER_GENERATE_SWIFT_ASSET_SYMBOL_EXTENSIONS = YES;
				CLANG_ANALYZER_NONNULL = YES;
				CLANG_ANALYZER_NUMBER_OBJECT_CONVERSION = YES_AGGRESSIVE;
				CLANG_CXX_LANGUAGE_STANDARD = "gnu++20";
				CLANG_ENABLE_MODULES = YES;
				CLANG_ENABLE_OBJC_ARC = YES;
				CLANG_ENABLE_OBJC_WEAK = YES;
				CLANG_WARN_BLOCK_CAPTURE_AUTORELEASING = YES;
				CLANG_WARN_BOOL_CONVERSION = YES;
				CLANG_WARN_COMMA = YES;
				CLANG_WARN_CONSTANT_CONVERSION = YES;
				CLANG_WARN_DEPRECATED_OBJC_IMPLEMENTATIONS = YES;
				CLANG_WARN_DIRECT_OBJC_ISA_USAGE = YES_ERROR;
				CLANG_WARN_DOCUMENTATION_COMMENTS = YES;
				CLANG_WARN_EMPTY_BODY = YES;
				CLANG_WARN_ENUM_CONVERSION = YES;
				CLANG_WARN_INFINITE_RECURSION = YES;
				CLANG_WARN_INT_CONVERSION = YES;
				CLANG_WARN_NON_LITERAL_NULL_CONVERSION = YES;
				CLANG_WARN_OBJC_IMPLICIT_RETAIN_SELF = YES;
				CLANG_WARN_OBJC_LITERAL_CONVERSION = YES;
				CLANG_WARN_OBJC_ROOT_CLASS = YES_ERROR;
				CLANG_WARN_QUOTED_INCLUDE_IN_FRAMEWORK_HEADER = YES;
				CLANG_WARN_RANGE_LOOP_ANALYSIS = YES;
				CLANG_WARN_STRICT_PROTOTYPES = YES;
				CLANG_WARN_SUSPICIOUS_MOVE = YES;
				CLANG_WARN_UNGUARDED_AVAILABILITY = YES_AGGRESSIVE;
				CLANG_WARN_UNREACHABLE_CODE = YES;
				CLANG_WARN__DUPLICATE_METHOD_MATCH = YES;
				COPY_PHASE_STRIP = NO;
				DEBUG_INFORMATION_FORMAT = "dwarf-with-dsym";
				ENABLE_NS_ASSERTIONS = NO;
				ENABLE_STRICT_OBJC_MSGSEND = YES;
				ENABLE_USER_SCRIPT_SANDBOXING = YES;
				GCC_C_LANGUAGE_STANDARD = gnu17;
				GCC_NO_COMMON_BLOCKS = YES;
				GCC_WARN_64_TO_32_BIT_CONVERSION = YES;
				GCC_WARN_ABOUT_RETURN_TYPE = YES_ERROR;
				GCC_WARN_UNDECLARED_SELECTOR = YES;
				GCC_WARN_UNINITIALIZED_AUTOS = YES_AGGRESSIVE;
				GCC_WARN_UNUSED_FUNCTION = YES;
				GCC_WARN_UNUSED_VARIABLE = YES;
				IPHONEOS_DEPLOYMENT_TARGET = 17.2;
				LOCALIZATION_PREFERS_STRING_CATALOGS = YES;
				MTL_ENABLE_DEBUG_INFO = NO;
				MTL_FAST_MATH = YES;
				SDKROOT = iphoneos;
				SWIFT_COMPILATION_MODE = wholemodule;
				VALIDATE_PRODUCT = YES;
			};
			name = Release;
		};
		5C5D892B2B94517F00DC5932 /* Debug */ = {
			isa = XCBuildConfiguration;
			buildSettings = {
				ASSETCATALOG_COMPILER_APPICON_NAME = AppIcon;
				ASSETCATALOG_COMPILER_GLOBAL_ACCENT_COLOR_NAME = AccentColor;
				CODE_SIGN_STYLE = Automatic;
				CURRENT_PROJECT_VERSION = 1;
				DEVELOPMENT_ASSET_PATHS = "\"Emily'sMemories/Preview Content\"";
				DEVELOPMENT_TEAM = K3BS6HSMX8;
				ENABLE_PREVIEWS = YES;
				GENERATE_INFOPLIST_FILE = YES;
				INFOPLIST_KEY_UIApplicationSceneManifest_Generation = YES;
				INFOPLIST_KEY_UIApplicationSupportsIndirectInputEvents = YES;
				INFOPLIST_KEY_UILaunchScreen_Generation = YES;
				INFOPLIST_KEY_UISupportedInterfaceOrientations = UIInterfaceOrientationPortrait;
				LD_RUNPATH_SEARCH_PATHS = (
					"$(inherited)",
					"@executable_path/Frameworks",
				);
				MARKETING_VERSION = 1.0;
				PRODUCT_BUNDLE_IDENTIFIER = "TAMU.Emily-sMemories";
				PRODUCT_NAME = "$(TARGET_NAME)";
				SWIFT_EMIT_LOC_STRINGS = YES;
				SWIFT_VERSION = 5.0;
				TARGETED_DEVICE_FAMILY = "1,2";
			};
			name = Debug;
		};
		5C5D892C2B94517F00DC5932 /* Release */ = {
			isa = XCBuildConfiguration;
			buildSettings = {
				ASSETCATALOG_COMPILER_APPICON_NAME = AppIcon;
				ASSETCATALOG_COMPILER_GLOBAL_ACCENT_COLOR_NAME = AccentColor;
				CODE_SIGN_STYLE = Automatic;
				CURRENT_PROJECT_VERSION = 1;
				DEVELOPMENT_ASSET_PATHS = "\"Emily'sMemories/Preview Content\"";
				DEVELOPMENT_TEAM = K3BS6HSMX8;
				ENABLE_PREVIEWS = YES;
				GENERATE_INFOPLIST_FILE = YES;
				INFOPLIST_KEY_UIApplicationSceneManifest_Generation = YES;
				INFOPLIST_KEY_UIApplicationSupportsIndirectInputEvents = YES;
				INFOPLIST_KEY_UILaunchScreen_Generation = YES;
				INFOPLIST_KEY_UISupportedInterfaceOrientations = UIInterfaceOrientationPortrait;
				LD_RUNPATH_SEARCH_PATHS = (
					"$(inherited)",
					"@executable_path/Frameworks",
				);
				MARKETING_VERSION = 1.0;
				PRODUCT_BUNDLE_IDENTIFIER = "TAMU.Emily-sMemories";
				PRODUCT_NAME = "$(TARGET_NAME)";
				SWIFT_EMIT_LOC_STRINGS = YES;
				SWIFT_VERSION = 5.0;
				TARGETED_DEVICE_FAMILY = "1,2";
			};
			name = Release;
		};
		5C5D892E2B94517F00DC5932 /* Debug */ = {
			isa = XCBuildConfiguration;
			buildSettings = {
				ALWAYS_EMBED_SWIFT_STANDARD_LIBRARIES = YES;
				BUNDLE_LOADER = "$(TEST_HOST)";
				CODE_SIGN_STYLE = Automatic;
				CURRENT_PROJECT_VERSION = 1;
				DEVELOPMENT_TEAM = K3BS6HSMX8;
				GENERATE_INFOPLIST_FILE = YES;
				IPHONEOS_DEPLOYMENT_TARGET = 17.2;
				MARKETING_VERSION = 1.0;
				PRODUCT_BUNDLE_IDENTIFIER = "TAMU.Emily-sMemoriesTests";
				PRODUCT_NAME = "$(TARGET_NAME)";
				SWIFT_EMIT_LOC_STRINGS = NO;
				SWIFT_VERSION = 5.0;
				TARGETED_DEVICE_FAMILY = "1,2";
				TEST_HOST = "$(BUILT_PRODUCTS_DIR)/Emily'sMemories.app/$(BUNDLE_EXECUTABLE_FOLDER_PATH)/Emily'sMemories";
			};
			name = Debug;
		};
		5C5D892F2B94517F00DC5932 /* Release */ = {
			isa = XCBuildConfiguration;
			buildSettings = {
				ALWAYS_EMBED_SWIFT_STANDARD_LIBRARIES = YES;
				BUNDLE_LOADER = "$(TEST_HOST)";
				CODE_SIGN_STYLE = Automatic;
				CURRENT_PROJECT_VERSION = 1;
				DEVELOPMENT_TEAM = K3BS6HSMX8;
				GENERATE_INFOPLIST_FILE = YES;
				IPHONEOS_DEPLOYMENT_TARGET = 17.2;
				MARKETING_VERSION = 1.0;
				PRODUCT_BUNDLE_IDENTIFIER = "TAMU.Emily-sMemoriesTests";
				PRODUCT_NAME = "$(TARGET_NAME)";
				SWIFT_EMIT_LOC_STRINGS = NO;
				SWIFT_VERSION = 5.0;
				TARGETED_DEVICE_FAMILY = "1,2";
				TEST_HOST = "$(BUILT_PRODUCTS_DIR)/Emily'sMemories.app/$(BUNDLE_EXECUTABLE_FOLDER_PATH)/Emily'sMemories";
			};
			name = Release;
		};
		5C5D89312B94517F00DC5932 /* Debug */ = {
			isa = XCBuildConfiguration;
			buildSettings = {
				ALWAYS_EMBED_SWIFT_STANDARD_LIBRARIES = YES;
				CODE_SIGN_STYLE = Automatic;
				CURRENT_PROJECT_VERSION = 1;
				DEVELOPMENT_TEAM = K3BS6HSMX8;
				GENERATE_INFOPLIST_FILE = YES;
				MARKETING_VERSION = 1.0;
				PRODUCT_BUNDLE_IDENTIFIER = "TAMU.Emily-sMemoriesUITests";
				PRODUCT_NAME = "$(TARGET_NAME)";
				SWIFT_EMIT_LOC_STRINGS = NO;
				SWIFT_VERSION = 5.0;
				TARGETED_DEVICE_FAMILY = "1,2";
				TEST_TARGET_NAME = "Emily'sMemories";
			};
			name = Debug;
		};
		5C5D89322B94517F00DC5932 /* Release */ = {
			isa = XCBuildConfiguration;
			buildSettings = {
				ALWAYS_EMBED_SWIFT_STANDARD_LIBRARIES = YES;
				CODE_SIGN_STYLE = Automatic;
				CURRENT_PROJECT_VERSION = 1;
				DEVELOPMENT_TEAM = K3BS6HSMX8;
				GENERATE_INFOPLIST_FILE = YES;
				MARKETING_VERSION = 1.0;
				PRODUCT_BUNDLE_IDENTIFIER = "TAMU.Emily-sMemoriesUITests";
				PRODUCT_NAME = "$(TARGET_NAME)";
				SWIFT_EMIT_LOC_STRINGS = NO;
				SWIFT_VERSION = 5.0;
				TARGETED_DEVICE_FAMILY = "1,2";
				TEST_TARGET_NAME = "Emily'sMemories";
			};
			name = Release;
		};
/* End XCBuildConfiguration section */

/* Begin XCConfigurationList section */
		5C5D89012B94517D00DC5932 /* Build configuration list for PBXProject "Emily'sMemories" */ = {
			isa = XCConfigurationList;
			buildConfigurations = (
				5C5D89282B94517F00DC5932 /* Debug */,
				5C5D89292B94517F00DC5932 /* Release */,
			);
			defaultConfigurationIsVisible = 0;
			defaultConfigurationName = Release;
		};
		5C5D892A2B94517F00DC5932 /* Build configuration list for PBXNativeTarget "Emily'sMemories" */ = {
			isa = XCConfigurationList;
			buildConfigurations = (
				5C5D892B2B94517F00DC5932 /* Debug */,
				5C5D892C2B94517F00DC5932 /* Release */,
			);
			defaultConfigurationIsVisible = 0;
			defaultConfigurationName = Release;
		};
		5C5D892D2B94517F00DC5932 /* Build configuration list for PBXNativeTarget "Emily'sMemoriesTests" */ = {
			isa = XCConfigurationList;
			buildConfigurations = (
				5C5D892E2B94517F00DC5932 /* Debug */,
				5C5D892F2B94517F00DC5932 /* Release */,
			);
			defaultConfigurationIsVisible = 0;
			defaultConfigurationName = Release;
		};
		5C5D89302B94517F00DC5932 /* Build configuration list for PBXNativeTarget "Emily'sMemoriesUITests" */ = {
			isa = XCConfigurationList;
			buildConfigurations = (
				5C5D89312B94517F00DC5932 /* Debug */,
				5C5D89322B94517F00DC5932 /* Release */,
			);
			defaultConfigurationIsVisible = 0;
			defaultConfigurationName = Release;
		};
/* End XCConfigurationList section */
	};
	rootObject = 5C5D88FE2B94517D00DC5932 /* Project object */;
}
